
Microsoft Visual Studio Solution File, Format Version 12.00
# Visual Studio 2013
VisualStudioVersion = 12.0.31101.0
MinimumVisualStudioVersion = 10.0.40219.1
Project("{2150E333-8FDC-42A3-9474-1A3956D46DE8}") = "DayArticle", "DayArticle", "{344A0506-16CB-4543-9422-5AB6211FB496}"
EndProject
Project("{D954291E-2A0B-460D-934E-DC6B0785DB48}") = "DayArticle.Shared", "DayArticle\DayArticle.Shared\DayArticle.Shared.shproj", "{3A2E4050-41E5-45D1-9154-05B25BCC1526}"
EndProject
Project("{FAE04EC0-301F-11D3-BF4B-00C04F79EFBC}") = "DayArticle.Windows", "DayArticle\DayArticle.Windows\DayArticle.Windows.csproj", "{6E1B096A-F4FA-4FFE-BABA-AFD5E786FEB3}"
EndProject
Project("{FAE04EC0-301F-11D3-BF4B-00C04F79EFBC}") = "DayArticle.WindowsPhone", "DayArticle\DayArticle.WindowsPhone\DayArticle.WindowsPhone.csproj", "{38DAFFF1-C4C2-4CAA-85D7-CB1F86A30732}"
EndProject
Global
	GlobalSection(SharedMSBuildProjectFiles) = preSolution
		DayArticle\DayArticle.Shared\DayArticle.Shared.projitems*{6e1b096a-f4fa-4ffe-baba-afd5e786feb3}*SharedItemsImports = 4
		DayArticle\DayArticle.Shared\DayArticle.Shared.projitems*{38dafff1-c4c2-4caa-85d7-cb1f86a30732}*SharedItemsImports = 4
		DayArticle\DayArticle.Shared\DayArticle.Shared.projitems*{3a2e4050-41e5-45d1-9154-05b25bcc1526}*SharedItemsImports = 13
	EndGlobalSection
	GlobalSection(SolutionConfigurationPlatforms) = preSolution
		Debug|Any CPU = Debug|Any CPU
		Debug|ARM = Debug|ARM
		Debug|x64 = Debug|x64
		Debug|x86 = Debug|x86
		Release|Any CPU = Release|Any CPU
		Release|ARM = Release|ARM
		Release|x64 = Release|x64
		Release|x86 = Release|x86
	EndGlobalSection
	GlobalSection(ProjectConfigurationPlatforms) = postSolution
		{6E1B096A-F4FA-4FFE-BABA-AFD5E786FEB3}.Debug|Any CPU.ActiveCfg = Debug|Any CPU
		{6E1B096A-F4FA-4FFE-BABA-AFD5E786FEB3}.Debug|Any CPU.Build.0 = Debug|Any CPU
		{6E1B096A-F4FA-4FFE-BABA-AFD5E786FEB3}.Debug|Any CPU.Deploy.0 = Debug|Any CPU
		{6E1B096A-F4FA-4FFE-BABA-AFD5E786FEB3}.Debug|ARM.ActiveCfg = Debug|ARM
		{6E1B096A-F4FA-4FFE-BABA-AFD5E786FEB3}.Debug|ARM.Build.0 = Debug|ARM
		{6E1B096A-F4FA-4FFE-BABA-AFD5E786FEB3}.Debug|ARM.Deploy.0 = Debug|ARM
		{6E1B096A-F4FA-4FFE-BABA-AFD5E786FEB3}.Debug|x64.ActiveCfg = Debug|x64
		{6E1B096A-F4FA-4FFE-BABA-AFD5E786FEB3}.Debug|x64.Build.0 = Debug|x64
		{6E1B096A-F4FA-4FFE-BABA-AFD5E786FEB3}.Debug|x64.Deploy.0 = Debug|x64
		{6E1B096A-F4FA-4FFE-BABA-AFD5E786FEB3}.Debug|x86.ActiveCfg = Debug|x86
		{6E1B096A-F4FA-4FFE-BABA-AFD5E786FEB3}.Debug|x86.Build.0 = Debug|x86
		{6E1B096A-F4FA-4FFE-BABA-AFD5E786FEB3}.Debug|x86.Deploy.0 = Debug|x86
		{6E1B096A-F4FA-4FFE-BABA-AFD5E786FEB3}.Release|Any CPU.ActiveCfg = Release|Any CPU
		{6E1B096A-F4FA-4FFE-BABA-AFD5E786FEB3}.Release|Any CPU.Build.0 = Release|Any CPU
		{6E1B096A-F4FA-4FFE-BABA-AFD5E786FEB3}.Release|Any CPU.Deploy.0 = Release|Any CPU
		{6E1B096A-F4FA-4FFE-BABA-AFD5E786FEB3}.Release|ARM.ActiveCfg = Release|ARM
		{6E1B096A-F4FA-4FFE-BABA-AFD5E786FEB3}.Release|ARM.Build.0 = Release|ARM
		{6E1B096A-F4FA-4FFE-BABA-AFD5E786FEB3}.Release|ARM.Deploy.0 = Release|ARM
		{6E1B096A-F4FA-4FFE-BABA-AFD5E786FEB3}.Release|x64.ActiveCfg = Release|x64
		{6E1B096A-F4FA-4FFE-BABA-AFD5E786FEB3}.Release|x64.Build.0 = Release|x64
		{6E1B096A-F4FA-4FFE-BABA-AFD5E786FEB3}.Release|x64.Deploy.0 = Release|x64
		{6E1B096A-F4FA-4FFE-BABA-AFD5E786FEB3}.Release|x86.ActiveCfg = Release|x86
		{6E1B096A-F4FA-4FFE-BABA-AFD5E786FEB3}.Release|x86.Build.0 = Release|x86
		{6E1B096A-F4FA-4FFE-BABA-AFD5E786FEB3}.Release|x86.Deploy.0 = Release|x86
		{38DAFFF1-C4C2-4CAA-85D7-CB1F86A30732}.Debug|Any CPU.ActiveCfg = Debug|Any CPU
		{38DAFFF1-C4C2-4CAA-85D7-CB1F86A30732}.Debug|Any CPU.Build.0 = Debug|Any CPU
		{38DAFFF1-C4C2-4CAA-85D7-CB1F86A30732}.Debug|Any CPU.Deploy.0 = Debug|Any CPU
		{38DAFFF1-C4C2-4CAA-85D7-CB1F86A30732}.Debug|ARM.ActiveCfg = Debug|ARM
		{38DAFFF1-C4C2-4CAA-85D7-CB1F86A30732}.Debug|ARM.Build.0 = Debug|ARM
		{38DAFFF1-C4C2-4CAA-85D7-CB1F86A30732}.Debug|ARM.Deploy.0 = Debug|ARM
		{38DAFFF1-C4C2-4CAA-85D7-CB1F86A30732}.Debug|x64.ActiveCfg = Debug|Any CPU
		{38DAFFF1-C4C2-4CAA-85D7-CB1F86A30732}.Debug|x86.ActiveCfg = Debug|x86
		{38DAFFF1-C4C2-4CAA-85D7-CB1F86A30732}.Debug|x86.Build.0 = Debug|x86
		{38DAFFF1-C4C2-4CAA-85D7-CB1F86A30732}.Debug|x86.Deploy.0 = Debug|x86
		{38DAFFF1-C4C2-4CAA-85D7-CB1F86A30732}.Release|Any CPU.ActiveCfg = Release|Any CPU
		{38DAFFF1-C4C2-4CAA-85D7-CB1F86A30732}.Release|Any CPU.Build.0 = Release|Any CPU
		{38DAFFF1-C4C2-4CAA-85D7-CB1F86A30732}.Release|Any CPU.Deploy.0 = Release|Any CPU
		{38DAFFF1-C4C2-4CAA-85D7-CB1F86A30732}.Release|ARM.ActiveCfg = Release|ARM
		{38DAFFF1-C4C2-4CAA-85D7-CB1F86A30732}.Release|ARM.Build.0 = Release|ARM
		{38DAFFF1-C4C2-4CAA-85D7-CB1F86A30732}.Release|ARM.Deploy.0 = Release|ARM
		{38DAFFF1-C4C2-4CAA-85D7-CB1F86A30732}.Release|x64.ActiveCfg = Release|Any CPU
		{38DAFFF1-C4C2-4CAA-85D7-CB1F86A30732}.Release|x86.ActiveCfg = Release|x86
		{38DAFFF1-C4C2-4CAA-85D7-CB1F86A30732}.Release|x86.Build.0 = Release|x86
		{38DAFFF1-C4C2-4CAA-85D7-CB1F86A30732}.Release|x86.Deploy.0 = Release|x86
	EndGlobalSection
	GlobalSection(SolutionProperties) = preSolution
		HideSolutionNode = FALSE
	EndGlobalSection
	GlobalSection(NestedProjects) = preSolution
		{3A2E4050-41E5-45D1-9154-05B25BCC1526} = {344A0506-16CB-4543-9422-5AB6211FB496}
		{6E1B096A-F4FA-4FFE-BABA-AFD5E786FEB3} = {344A0506-16CB-4543-9422-5AB6211FB496}
		{38DAFFF1-C4C2-4CAA-85D7-CB1F86A30732} = {344A0506-16CB-4543-9422-5AB6211FB496}
	EndGlobalSection
EndGlobal
